{
    "_readme": [
        "This file locks the dependencies of your project to a known state",
        "Read more about it at https://getcomposer.org/doc/01-basic-usage.md#composer-lock-the-lock-file",
        "This file is @generated automatically"
    ],
    "content-hash": "1c1cc9df5d233ecd9306a0ec2a23dc75",
    "packages": [
        {
            "name": "litipk/php-bignumbers",
            "version": "0.8.3",
            "source": {
                "type": "git",
                "url": "https://github.com/Litipk/php-bignumbers.git",
                "reference": "bb64b59e11b73daa4e21148a62fa6ff3fe75d159"
            },
            "dist": {
                "type": "zip",
                "url": "https://api.github.com/repos/Litipk/php-bignumbers/zipball/bb64b59e11b73daa4e21148a62fa6ff3fe75d159",
                "reference": "bb64b59e11b73daa4e21148a62fa6ff3fe75d159",
                "shasum": ""
            },
            "require": {
                "ext-bcmath": "*",
                "php": ">=7.0"
            },
            "require-dev": {
                "codeclimate/php-test-reporter": "^0.4",
                "phpunit/phpunit": "~6.0",
                "psy/psysh": "^0.8",
                "squizlabs/php_codesniffer": "^2.8"
            },
            "type": "library",
            "autoload": {
                "psr-4": {
                    "Litipk\\BigNumbers\\": "src/"
                }
            },
            "notification-url": "https://packagist.org/downloads/",
            "license": [
                "MIT"
            ],
            "authors": [
                {
                    "name": "Andrés Correa Casablanca",
                    "email": "castarco@litipk.com"
                }
            ],
            "description": "An opensource library to handle immutable big numbers inside PHP applications",
            "keywords": [
                "bcmath",
                "bignum",
                "decimal",
                "gmp",
                "number"
            ],
            "time": "2017-04-30T19:01:13+00:00"
        }
    ],
    "packages-dev": [],
    "aliases": [],
    "minimum-stability": "stable",
    "stability-flags": [],
    "prefer-stable": false,
    "prefer-lowest": false,
    "platform": [],
    "platform-dev": []
}
